
Microsoft Visual Studio Solution File, Format Version 12.00
# Visual Studio 15
VisualStudioVersion = 15.0.28307.489
MinimumVisualStudioVersion = 10.0.40219.1
Project("{9A19103F-16F7-4668-BE54-9A1E7A4F7556}") = "NtoboaFund", "NtoboaFund\NtoboaFund.csproj", "{A843AA4E-81A0-4F69-9F24-CC984777AD4E}"
EndProject
Global
	GlobalSection(SolutionConfigurationPlatforms) = preSolution
		Debug|Any CPU = Debug|Any CPU
		Release|Any CPU = Release|Any CPU
	EndGlobalSection
	GlobalSection(ProjectConfigurationPlatforms) = postSolution
		{A843AA4E-81A0-4F69-9F24-CC984777AD4E}.Debug|Any CPU.ActiveCfg = Debug|Any CPU
		{A843AA4E-81A0-4F69-9F24-CC984777AD4E}.Debug|Any CPU.Build.0 = Debug|Any CPU
		{A843AA4E-81A0-4F69-9F24-CC984777AD4E}.Release|Any CPU.ActiveCfg = Release|Any CPU
		{A843AA4E-81A0-4F69-9F24-CC984777AD4E}.Release|Any CPU.Build.0 = Release|Any CPU
	EndGlobalSection
	GlobalSection(SolutionProperties) = preSolution
		HideSolutionNode = FALSE
	EndGlobalSection
	GlobalSection(ExtensibilityGlobals) = postSolution
		SolutionGuid = {AB37B835-0D08-4572-BA70-B3F3500E36D1}
	EndGlobalSection
EndGlobal
